
Microsoft Visual Studio Solution File, Format Version 12.00
# Visual Studio 14
VisualStudioVersion = 14.0.25420.1
MinimumVisualStudioVersion = 10.0.40219.1
Project("{FAE04EC0-301F-11D3-BF4B-00C04F79EFBC}") = "LISTA4_EX5_CVSDS", "LISTA4_EX5_CVSDS\LISTA4_EX5_CVSDS.csproj", "{B64F678A-33DB-4470-A91E-D55E8437CC39}"
EndProject
Global
	GlobalSection(SolutionConfigurationPlatforms) = preSolution
		Debug|Any CPU = Debug|Any CPU
		Release|Any CPU = Release|Any CPU
	EndGlobalSection
	GlobalSection(ProjectConfigurationPlatforms) = postSolution
		{B64F678A-33DB-4470-A91E-D55E8437CC39}.Debug|Any CPU.ActiveCfg = Debug|Any CPU
		{B64F678A-33DB-4470-A91E-D55E8437CC39}.Debug|Any CPU.Build.0 = Debug|Any CPU
		{B64F678A-33DB-4470-A91E-D55E8437CC39}.Release|Any CPU.ActiveCfg = Release|Any CPU
		{B64F678A-33DB-4470-A91E-D55E8437CC39}.Release|Any CPU.Build.0 = Release|Any CPU
	EndGlobalSection
	GlobalSection(SolutionProperties) = preSolution
		HideSolutionNode = FALSE
	EndGlobalSection
EndGlobal
